
Microsoft Visual Studio Solution File, Format Version 12.00
# Visual Studio Version 16
VisualStudioVersion = 16.0.30524.135
MinimumVisualStudioVersion = 10.0.40219.1
Project("{2150E333-8FDC-42A3-9474-1A3956D46DE8}") = "0-Common", "0-Common", "{E6FD669D-C7E2-4D35-85BA-9D6C53FB5912}"
EndProject
Project("{2150E333-8FDC-42A3-9474-1A3956D46DE8}") = "1-Services", "1-Services", "{5EDF52C3-FA73-4E01-B809-ABFA98CA3063}"
EndProject
Project("{FAE04EC0-301F-11D3-BF4B-00C04F79EFBC}") = "MenorPreco.Api", "MenorPreco.Api\MenorPreco.Api.csproj", "{E00A6009-839B-4170-87BB-DCD4B347920B}"
EndProject
Global
	GlobalSection(SolutionConfigurationPlatforms) = preSolution
		Debug|Any CPU = Debug|Any CPU
		Release|Any CPU = Release|Any CPU
	EndGlobalSection
	GlobalSection(ProjectConfigurationPlatforms) = postSolution
		{E00A6009-839B-4170-87BB-DCD4B347920B}.Debug|Any CPU.ActiveCfg = Debug|Any CPU
		{E00A6009-839B-4170-87BB-DCD4B347920B}.Debug|Any CPU.Build.0 = Debug|Any CPU
		{E00A6009-839B-4170-87BB-DCD4B347920B}.Release|Any CPU.ActiveCfg = Release|Any CPU
		{E00A6009-839B-4170-87BB-DCD4B347920B}.Release|Any CPU.Build.0 = Release|Any CPU
	EndGlobalSection
	GlobalSection(SolutionProperties) = preSolution
		HideSolutionNode = FALSE
	EndGlobalSection
	GlobalSection(NestedProjects) = preSolution
		{E00A6009-839B-4170-87BB-DCD4B347920B} = {5EDF52C3-FA73-4E01-B809-ABFA98CA3063}
	EndGlobalSection
	GlobalSection(ExtensibilityGlobals) = postSolution
		SolutionGuid = {80C7CE61-1BCB-46A9-AFFA-8066BB6F95F7}
	EndGlobalSection
EndGlobal
